// !$*UTF8*$!
{
	archiveVersion = 1;
	classes = {
	};
	objectVersion = 55;
	objects = {

/* Begin PBXBuildFile section */
		180B046528BE4EC400E699C4 /* AppDelegate.swift in Sources */ = {isa = PBXBuildFile; fileRef = 180B046428BE4EC400E699C4 /* AppDelegate.swift */; };
		180B046728BE4EC400E699C4 /* SceneDelegate.swift in Sources */ = {isa = PBXBuildFile; fileRef = 180B046628BE4EC400E699C4 /* SceneDelegate.swift */; };
		180B046C28BE4EC400E699C4 /* Main.storyboard in Resources */ = {isa = PBXBuildFile; fileRef = 180B046A28BE4EC400E699C4 /* Main.storyboard */; };
		180B046E28BE4EC600E699C4 /* Assets.xcassets in Resources */ = {isa = PBXBuildFile; fileRef = 180B046D28BE4EC600E699C4 /* Assets.xcassets */; };
		180B047128BE4EC600E699C4 /* LaunchScreen.storyboard in Resources */ = {isa = PBXBuildFile; fileRef = 180B046F28BE4EC600E699C4 /* LaunchScreen.storyboard */; };
		180B047D28BE514E00E699C4 /* ActionsCollectionViewController.swift in Sources */ = {isa = PBXBuildFile; fileRef = 180B047C28BE514E00E699C4 /* ActionsCollectionViewController.swift */; };
		180B047F28BE525D00E699C4 /* ActionCollectionViewCell.swift in Sources */ = {isa = PBXBuildFile; fileRef = 180B047E28BE525D00E699C4 /* ActionCollectionViewCell.swift */; };
		180B048228BE595E00E699C4 /* ImageViewController.swift in Sources */ = {isa = PBXBuildFile; fileRef = 180B048128BE595E00E699C4 /* ImageViewController.swift */; };
		180B048528BE60CF00E699C4 /* UsersTableViewController.swift in Sources */ = {isa = PBXBuildFile; fileRef = 180B048428BE60CF00E699C4 /* UsersTableViewController.swift */; };
		180B048828BE61C000E699C4 /* User.swift in Sources */ = {isa = PBXBuildFile; fileRef = 180B048728BE61C000E699C4 /* User.swift */; };
		180B048A28BE621900E699C4 /* Address.swift in Sources */ = {isa = PBXBuildFile; fileRef = 180B048928BE621900E699C4 /* Address.swift */; };
		180B048C28BE622000E699C4 /* Geo.swift in Sources */ = {isa = PBXBuildFile; fileRef = 180B048B28BE622000E699C4 /* Geo.swift */; };
		180B049028BE62AF00E699C4 /* UserTableViewCell.swift in Sources */ = {isa = PBXBuildFile; fileRef = 180B048E28BE62AF00E699C4 /* UserTableViewCell.swift */; };
		180B049128BE62AF00E699C4 /* UserTableViewCell.xib in Resources */ = {isa = PBXBuildFile; fileRef = 180B048F28BE62AF00E699C4 /* UserTableViewCell.xib */; };
		180B049328BE6DFE00E699C4 /* Company.swift in Sources */ = {isa = PBXBuildFile; fileRef = 180B049228BE6DFE00E699C4 /* Company.swift */; };
		187B41C528C2741100C1B253 /* DetailUserViewController.swift in Sources */ = {isa = PBXBuildFile; fileRef = 187B41C428C2741100C1B253 /* DetailUserViewController.swift */; };
		187B41C728C3C4C500C1B253 /* Posts.storyboard in Resources */ = {isa = PBXBuildFile; fileRef = 187B41C628C3C4C500C1B253 /* Posts.storyboard */; };
		187B41CA28C3C53200C1B253 /* PostsTableViewController.swift in Sources */ = {isa = PBXBuildFile; fileRef = 187B41C928C3C53200C1B253 /* PostsTableViewController.swift */; };
		187B41CE28C3C62500C1B253 /* Post.swift in Sources */ = {isa = PBXBuildFile; fileRef = 187B41CD28C3C62500C1B253 /* Post.swift */; };
		1897AAC928C4B1A300BD724B /* CommentTableViewCell.swift in Sources */ = {isa = PBXBuildFile; fileRef = 1897AAC728C4B1A300BD724B /* CommentTableViewCell.swift */; };
		1897AACA28C4B1A300BD724B /* CommentTableViewCell.xib in Resources */ = {isa = PBXBuildFile; fileRef = 1897AAC828C4B1A300BD724B /* CommentTableViewCell.xib */; };
		1897AACC28C4B72F00BD724B /* Albums.storyboard in Resources */ = {isa = PBXBuildFile; fileRef = 1897AACB28C4B72F00BD724B /* Albums.storyboard */; };
		1897AAD128C4B81800BD724B /* AlbumsCollectionViewController.swift in Sources */ = {isa = PBXBuildFile; fileRef = 1897AAD028C4B81800BD724B /* AlbumsCollectionViewController.swift */; };
		1897AAD328C4B89600BD724B /* AlbumsCollectionViewCell.swift in Sources */ = {isa = PBXBuildFile; fileRef = 1897AAD228C4B89600BD724B /* AlbumsCollectionViewCell.swift */; };
		1897AAD628C4C2C200BD724B /* PhotosCollectionViewController.swift in Sources */ = {isa = PBXBuildFile; fileRef = 1897AAD528C4C2C200BD724B /* PhotosCollectionViewController.swift */; };
		1897AADA28C4C39C00BD724B /* PhotosCollectionViewCell.swift in Sources */ = {isa = PBXBuildFile; fileRef = 1897AAD828C4C39C00BD724B /* PhotosCollectionViewCell.swift */; };
		1897AADB28C4C39C00BD724B /* PhotosCollectionViewCell.xib in Resources */ = {isa = PBXBuildFile; fileRef = 1897AAD928C4C39C00BD724B /* PhotosCollectionViewCell.xib */; };
		18B0C11428C3C6E6004EB920 /* Comment.swift in Sources */ = {isa = PBXBuildFile; fileRef = 18B0C11328C3C6E6004EB920 /* Comment.swift */; };
		18B0C11628C3C72E004EB920 /* Album.swift in Sources */ = {isa = PBXBuildFile; fileRef = 18B0C11528C3C72E004EB920 /* Album.swift */; };
		18B0C11828C3C766004EB920 /* Photo.swift in Sources */ = {isa = PBXBuildFile; fileRef = 18B0C11728C3C766004EB920 /* Photo.swift */; };
		18B0C11A28C3C789004EB920 /* Todo.swift in Sources */ = {isa = PBXBuildFile; fileRef = 18B0C11928C3C789004EB920 /* Todo.swift */; };
		18B0C11E28C3C848004EB920 /* API Constants.swift in Sources */ = {isa = PBXBuildFile; fileRef = 18B0C11D28C3C848004EB920 /* API Constants.swift */; };
		18B0C12628C3CCF2004EB920 /* PostTableViewCell.swift in Sources */ = {isa = PBXBuildFile; fileRef = 18B0C12428C3CCF2004EB920 /* PostTableViewCell.swift */; };
		18B0C12728C3CCF2004EB920 /* PostTableViewCell.xib in Resources */ = {isa = PBXBuildFile; fileRef = 18B0C12528C3CCF2004EB920 /* PostTableViewCell.xib */; };
		18B0C12A28C3DF00004EB920 /* DetailPostViewController.swift in Sources */ = {isa = PBXBuildFile; fileRef = 18B0C12928C3DF00004EB920 /* DetailPostViewController.swift */; };
/* End PBXBuildFile section */

/* Begin PBXFileReference section */
		180B046128BE4EC400E699C4 /* REST API App.app */ = {isa = PBXFileReference; explicitFileType = wrapper.application; includeInIndex = 0; path = "REST API App.app"; sourceTree = BUILT_PRODUCTS_DIR; };
		180B046428BE4EC400E699C4 /* AppDelegate.swift */ = {isa = PBXFileReference; lastKnownFileType = sourcecode.swift; path = AppDelegate.swift; sourceTree = "<group>"; };
		180B046628BE4EC400E699C4 /* SceneDelegate.swift */ = {isa = PBXFileReference; lastKnownFileType = sourcecode.swift; path = SceneDelegate.swift; sourceTree = "<group>"; };
		180B046B28BE4EC400E699C4 /* Base */ = {isa = PBXFileReference; lastKnownFileType = file.storyboard; name = Base; path = Base.lproj/Main.storyboard; sourceTree = "<group>"; };
		180B046D28BE4EC600E699C4 /* Assets.xcassets */ = {isa = PBXFileReference; lastKnownFileType = folder.assetcatalog; path = Assets.xcassets; sourceTree = "<group>"; };
		180B047028BE4EC600E699C4 /* Base */ = {isa = PBXFileReference; lastKnownFileType = file.storyboard; name = Base; path = Base.lproj/LaunchScreen.storyboard; sourceTree = "<group>"; };
		180B047228BE4EC600E699C4 /* Info.plist */ = {isa = PBXFileReference; lastKnownFileType = text.plist.xml; path = Info.plist; sourceTree = "<group>"; };
		180B047C28BE514E00E699C4 /* ActionsCollectionViewController.swift */ = {isa = PBXFileReference; lastKnownFileType = sourcecode.swift; path = ActionsCollectionViewController.swift; sourceTree = "<group>"; };
		180B047E28BE525D00E699C4 /* ActionCollectionViewCell.swift */ = {isa = PBXFileReference; lastKnownFileType = sourcecode.swift; path = ActionCollectionViewCell.swift; sourceTree = "<group>"; };
		180B048128BE595E00E699C4 /* ImageViewController.swift */ = {isa = PBXFileReference; lastKnownFileType = sourcecode.swift; path = ImageViewController.swift; sourceTree = "<group>"; };
		180B048428BE60CF00E699C4 /* UsersTableViewController.swift */ = {isa = PBXFileReference; lastKnownFileType = sourcecode.swift; path = UsersTableViewController.swift; sourceTree = "<group>"; };
		180B048728BE61C000E699C4 /* User.swift */ = {isa = PBXFileReference; lastKnownFileType = sourcecode.swift; path = User.swift; sourceTree = "<group>"; };
		180B048928BE621900E699C4 /* Address.swift */ = {isa = PBXFileReference; lastKnownFileType = sourcecode.swift; path = Address.swift; sourceTree = "<group>"; };
		180B048B28BE622000E699C4 /* Geo.swift */ = {isa = PBXFileReference; lastKnownFileType = sourcecode.swift; path = Geo.swift; sourceTree = "<group>"; };
		180B048E28BE62AF00E699C4 /* UserTableViewCell.swift */ = {isa = PBXFileReference; lastKnownFileType = sourcecode.swift; path = UserTableViewCell.swift; sourceTree = "<group>"; };
		180B048F28BE62AF00E699C4 /* UserTableViewCell.xib */ = {isa = PBXFileReference; lastKnownFileType = file.xib; path = UserTableViewCell.xib; sourceTree = "<group>"; };
		180B049228BE6DFE00E699C4 /* Company.swift */ = {isa = PBXFileReference; lastKnownFileType = sourcecode.swift; path = Company.swift; sourceTree = "<group>"; };
		187B41C428C2741100C1B253 /* DetailUserViewController.swift */ = {isa = PBXFileReference; lastKnownFileType = sourcecode.swift; path = DetailUserViewController.swift; sourceTree = "<group>"; };
		187B41C628C3C4C500C1B253 /* Posts.storyboard */ = {isa = PBXFileReference; lastKnownFileType = file.storyboard; path = Posts.storyboard; sourceTree = "<group>"; };
		187B41C928C3C53200C1B253 /* PostsTableViewController.swift */ = {isa = PBXFileReference; lastKnownFileType = sourcecode.swift; path = PostsTableViewController.swift; sourceTree = "<group>"; };
		187B41CD28C3C62500C1B253 /* Post.swift */ = {isa = PBXFileReference; lastKnownFileType = sourcecode.swift; path = Post.swift; sourceTree = "<group>"; };
		1897AAC728C4B1A300BD724B /* CommentTableViewCell.swift */ = {isa = PBXFileReference; lastKnownFileType = sourcecode.swift; path = CommentTableViewCell.swift; sourceTree = "<group>"; };
		1897AAC828C4B1A300BD724B /* CommentTableViewCell.xib */ = {isa = PBXFileReference; lastKnownFileType = file.xib; path = CommentTableViewCell.xib; sourceTree = "<group>"; };
		1897AACB28C4B72F00BD724B /* Albums.storyboard */ = {isa = PBXFileReference; lastKnownFileType = file.storyboard; path = Albums.storyboard; sourceTree = "<group>"; };
		1897AAD028C4B81800BD724B /* AlbumsCollectionViewController.swift */ = {isa = PBXFileReference; lastKnownFileType = sourcecode.swift; path = AlbumsCollectionViewController.swift; sourceTree = "<group>"; };
		1897AAD228C4B89600BD724B /* AlbumsCollectionViewCell.swift */ = {isa = PBXFileReference; lastKnownFileType = sourcecode.swift; path = AlbumsCollectionViewCell.swift; sourceTree = "<group>"; };
		1897AAD528C4C2C200BD724B /* PhotosCollectionViewController.swift */ = {isa = PBXFileReference; lastKnownFileType = sourcecode.swift; path = PhotosCollectionViewController.swift; sourceTree = "<group>"; };
		1897AAD828C4C39C00BD724B /* PhotosCollectionViewCell.swift */ = {isa = PBXFileReference; lastKnownFileType = sourcecode.swift; path = PhotosCollectionViewCell.swift; sourceTree = "<group>"; };
		1897AAD928C4C39C00BD724B /* PhotosCollectionViewCell.xib */ = {isa = PBXFileReference; lastKnownFileType = file.xib; path = PhotosCollectionViewCell.xib; sourceTree = "<group>"; };
		18B0C11328C3C6E6004EB920 /* Comment.swift */ = {isa = PBXFileReference; lastKnownFileType = sourcecode.swift; path = Comment.swift; sourceTree = "<group>"; };
		18B0C11528C3C72E004EB920 /* Album.swift */ = {isa = PBXFileReference; lastKnownFileType = sourcecode.swift; path = Album.swift; sourceTree = "<group>"; };
		18B0C11728C3C766004EB920 /* Photo.swift */ = {isa = PBXFileReference; lastKnownFileType = sourcecode.swift; path = Photo.swift; sourceTree = "<group>"; };
		18B0C11928C3C789004EB920 /* Todo.swift */ = {isa = PBXFileReference; lastKnownFileType = sourcecode.swift; path = Todo.swift; sourceTree = "<group>"; };
		18B0C11D28C3C848004EB920 /* API Constants.swift */ = {isa = PBXFileReference; lastKnownFileType = sourcecode.swift; path = "API Constants.swift"; sourceTree = "<group>"; };
		18B0C12428C3CCF2004EB920 /* PostTableViewCell.swift */ = {isa = PBXFileReference; lastKnownFileType = sourcecode.swift; path = PostTableViewCell.swift; sourceTree = "<group>"; };
		18B0C12528C3CCF2004EB920 /* PostTableViewCell.xib */ = {isa = PBXFileReference; lastKnownFileType = file.xib; path = PostTableViewCell.xib; sourceTree = "<group>"; };
		18B0C12928C3DF00004EB920 /* DetailPostViewController.swift */ = {isa = PBXFileReference; lastKnownFileType = sourcecode.swift; path = DetailPostViewController.swift; sourceTree = "<group>"; };
/* End PBXFileReference section */

/* Begin PBXFrameworksBuildPhase section */
		180B045E28BE4EC400E699C4 /* Frameworks */ = {
			isa = PBXFrameworksBuildPhase;
			buildActionMask = 2147483647;
			files = (
			);
			runOnlyForDeploymentPostprocessing = 0;
		};
/* End PBXFrameworksBuildPhase section */

/* Begin PBXGroup section */
		180B045828BE4EC400E699C4 = {
			isa = PBXGroup;
			children = (
				180B046328BE4EC400E699C4 /* REST API App */,
				180B046228BE4EC400E699C4 /* Products */,
			);
			sourceTree = "<group>";
		};
		180B046228BE4EC400E699C4 /* Products */ = {
			isa = PBXGroup;
			children = (
				180B046128BE4EC400E699C4 /* REST API App.app */,
			);
			name = Products;
			sourceTree = "<group>";
		};
		180B046328BE4EC400E699C4 /* REST API App */ = {
			isa = PBXGroup;
			children = (
				18B0C11B28C3C823004EB920 /* API  */,
				180B047B28BE4FA000E699C4 /* Models */,
				180B047928BE4F1300E699C4 /* Controllers */,
				180B047A28BE4F1E00E699C4 /* Views */,
				180B047828BE4F0C00E699C4 /* Delegates */,
				180B046D28BE4EC600E699C4 /* Assets.xcassets */,
				180B047228BE4EC600E699C4 /* Info.plist */,
			);
			path = "REST API App";
			sourceTree = "<group>";
		};
		180B047828BE4F0C00E699C4 /* Delegates */ = {
			isa = PBXGroup;
			children = (
				180B046428BE4EC400E699C4 /* AppDelegate.swift */,
				180B046628BE4EC400E699C4 /* SceneDelegate.swift */,
			);
			path = Delegates;
			sourceTree = "<group>";
		};
		180B047928BE4F1300E699C4 /* Controllers */ = {
			isa = PBXGroup;
			children = (
				180B048328BE596200E699C4 /* Actions Controllers */,
				180B048028BE594100E699C4 /* Image Controllers */,
				180B048628BE60D800E699C4 /* Users Controllers */,
				187B41C328C273D900C1B253 /* Detail User Controllers */,
				187B41C828C3C4DB00C1B253 /* Posts Controllers */,
				18B0C12828C3DED5004EB920 /* Detail Post Controllers */,
				1897AACD28C4B74500BD724B /* Albums Controllers */,
				1897AAD428C4C2AE00BD724B /* Photos Controllers */,
			);
			path = Controllers;
			sourceTree = "<group>";
		};
		180B047A28BE4F1E00E699C4 /* Views */ = {
			isa = PBXGroup;
			children = (
				180B046A28BE4EC400E699C4 /* Main.storyboard */,
				187B41C628C3C4C500C1B253 /* Posts.storyboard */,
				1897AACB28C4B72F00BD724B /* Albums.storyboard */,
				180B046F28BE4EC600E699C4 /* LaunchScreen.storyboard */,
			);
			path = Views;
			sourceTree = "<group>";
		};
		180B047B28BE4FA000E699C4 /* Models */ = {
			isa = PBXGroup;
			children = (
				187B41CB28C3C60F00C1B253 /* User */,
				187B41CD28C3C62500C1B253 /* Post.swift */,
				18B0C11328C3C6E6004EB920 /* Comment.swift */,
				18B0C11528C3C72E004EB920 /* Album.swift */,
				18B0C11728C3C766004EB920 /* Photo.swift */,
				18B0C11928C3C789004EB920 /* Todo.swift */,
			);
			path = Models;
			sourceTree = "<group>";
		};
		180B048028BE594100E699C4 /* Image Controllers */ = {
			isa = PBXGroup;
			children = (
				180B048128BE595E00E699C4 /* ImageViewController.swift */,
			);
			path = "Image Controllers";
			sourceTree = "<group>";
		};
		180B048328BE596200E699C4 /* Actions Controllers */ = {
			isa = PBXGroup;
			children = (
				180B047C28BE514E00E699C4 /* ActionsCollectionViewController.swift */,
				180B047E28BE525D00E699C4 /* ActionCollectionViewCell.swift */,
			);
			path = "Actions Controllers";
			sourceTree = "<group>";
		};
		180B048628BE60D800E699C4 /* Users Controllers */ = {
			isa = PBXGroup;
			children = (
				180B048428BE60CF00E699C4 /* UsersTableViewController.swift */,
				180B048D28BE629600E699C4 /* Cell VIew */,
			);
			path = "Users Controllers";
			sourceTree = "<group>";
		};
		180B048D28BE629600E699C4 /* Cell VIew */ = {
			isa = PBXGroup;
			children = (
				180B048E28BE62AF00E699C4 /* UserTableViewCell.swift */,
				180B048F28BE62AF00E699C4 /* UserTableViewCell.xib */,
			);
			path = "Cell VIew";
			sourceTree = "<group>";
		};
		187B41C328C273D900C1B253 /* Detail User Controllers */ = {
			isa = PBXGroup;
			children = (
				187B41C428C2741100C1B253 /* DetailUserViewController.swift */,
			);
			path = "Detail User Controllers";
			sourceTree = "<group>";
		};
		187B41C828C3C4DB00C1B253 /* Posts Controllers */ = {
			isa = PBXGroup;
			children = (
				187B41C928C3C53200C1B253 /* PostsTableViewController.swift */,
				18B0C11F28C3CC6A004EB920 /* Post Cell View */,
			);
			path = "Posts Controllers";
			sourceTree = "<group>";
		};
		187B41CB28C3C60F00C1B253 /* User */ = {
			isa = PBXGroup;
			children = (
				180B048728BE61C000E699C4 /* User.swift */,
				180B048928BE621900E699C4 /* Address.swift */,
				180B048B28BE622000E699C4 /* Geo.swift */,
				180B049228BE6DFE00E699C4 /* Company.swift */,
			);
			path = User;
			sourceTree = "<group>";
		};
		1897AAC628C4B16900BD724B /* Comment Cell View */ = {
			isa = PBXGroup;
			children = (
				1897AAC728C4B1A300BD724B /* CommentTableViewCell.swift */,
				1897AAC828C4B1A300BD724B /* CommentTableViewCell.xib */,
			);
			path = "Comment Cell View";
			sourceTree = "<group>";
		};
		1897AACD28C4B74500BD724B /* Albums Controllers */ = {
			isa = PBXGroup;
			children = (
				1897AAD028C4B81800BD724B /* AlbumsCollectionViewController.swift */,
				1897AAD228C4B89600BD724B /* AlbumsCollectionViewCell.swift */,
			);
			path = "Albums Controllers";
			sourceTree = "<group>";
		};
		1897AAD428C4C2AE00BD724B /* Photos Controllers */ = {
			isa = PBXGroup;
			children = (
				1897AAD528C4C2C200BD724B /* PhotosCollectionViewController.swift */,
				1897AAD728C4C38300BD724B /* Photos Cell View */,
			);
			path = "Photos Controllers";
			sourceTree = "<group>";
		};
		1897AAD728C4C38300BD724B /* Photos Cell View */ = {
			isa = PBXGroup;
			children = (
				1897AAD828C4C39C00BD724B /* PhotosCollectionViewCell.swift */,
				1897AAD928C4C39C00BD724B /* PhotosCollectionViewCell.xib */,
			);
			path = "Photos Cell View";
			sourceTree = "<group>";
		};
		18B0C11B28C3C823004EB920 /* API  */ = {
			isa = PBXGroup;
			children = (
				18B0C11D28C3C848004EB920 /* API Constants.swift */,
			);
			path = "API ";
			sourceTree = "<group>";
		};
		18B0C11F28C3CC6A004EB920 /* Post Cell View */ = {
			isa = PBXGroup;
			children = (
				18B0C12428C3CCF2004EB920 /* PostTableViewCell.swift */,
				18B0C12528C3CCF2004EB920 /* PostTableViewCell.xib */,
			);
			path = "Post Cell View";
			sourceTree = "<group>";
		};
		18B0C12828C3DED5004EB920 /* Detail Post Controllers */ = {
			isa = PBXGroup;
			children = (
				18B0C12928C3DF00004EB920 /* DetailPostViewController.swift */,
				1897AAC628C4B16900BD724B /* Comment Cell View */,
			);
			path = "Detail Post Controllers";
			sourceTree = "<group>";
		};
/* End PBXGroup section */

/* Begin PBXNativeTarget section */
		180B046028BE4EC400E699C4 /* REST API App */ = {
			isa = PBXNativeTarget;
			buildConfigurationList = 180B047528BE4EC600E699C4 /* Build configuration list for PBXNativeTarget "REST API App" */;
			buildPhases = (
				180B045D28BE4EC400E699C4 /* Sources */,
				180B045E28BE4EC400E699C4 /* Frameworks */,
				180B045F28BE4EC400E699C4 /* Resources */,
			);
			buildRules = (
			);
			dependencies = (
			);
			name = "REST API App";
			productName = "REST API App";
			productReference = 180B046128BE4EC400E699C4 /* REST API App.app */;
			productType = "com.apple.product-type.application";
		};
/* End PBXNativeTarget section */

/* Begin PBXProject section */
		180B045928BE4EC400E699C4 /* Project object */ = {
			isa = PBXProject;
			attributes = {
				BuildIndependentTargetsInParallel = 1;
				LastSwiftUpdateCheck = 1340;
				LastUpgradeCheck = 1340;
				TargetAttributes = {
					180B046028BE4EC400E699C4 = {
						CreatedOnToolsVersion = 13.4.1;
					};
				};
			};
			buildConfigurationList = 180B045C28BE4EC400E699C4 /* Build configuration list for PBXProject "REST API App" */;
			compatibilityVersion = "Xcode 13.0";
			developmentRegion = en;
			hasScannedForEncodings = 0;
			knownRegions = (
				en,
				Base,
			);
			mainGroup = 180B045828BE4EC400E699C4;
			productRefGroup = 180B046228BE4EC400E699C4 /* Products */;
			projectDirPath = "";
			projectRoot = "";
			targets = (
				180B046028BE4EC400E699C4 /* REST API App */,
			);
		};
/* End PBXProject section */

/* Begin PBXResourcesBuildPhase section */
		180B045F28BE4EC400E699C4 /* Resources */ = {
			isa = PBXResourcesBuildPhase;
			buildActionMask = 2147483647;
			files = (
				180B049128BE62AF00E699C4 /* UserTableViewCell.xib in Resources */,
				187B41C728C3C4C500C1B253 /* Posts.storyboard in Resources */,
				180B047128BE4EC600E699C4 /* LaunchScreen.storyboard in Resources */,
				18B0C12728C3CCF2004EB920 /* PostTableViewCell.xib in Resources */,
				1897AACC28C4B72F00BD724B /* Albums.storyboard in Resources */,
				1897AACA28C4B1A300BD724B /* CommentTableViewCell.xib in Resources */,
				1897AADB28C4C39C00BD724B /* PhotosCollectionViewCell.xib in Resources */,
				180B046E28BE4EC600E699C4 /* Assets.xcassets in Resources */,
				180B046C28BE4EC400E699C4 /* Main.storyboard in Resources */,
			);
			runOnlyForDeploymentPostprocessing = 0;
		};
/* End PBXResourcesBuildPhase section */

/* Begin PBXSourcesBuildPhase section */
		180B045D28BE4EC400E699C4 /* Sources */ = {
			isa = PBXSourcesBuildPhase;
			buildActionMask = 2147483647;
			files = (
				180B046528BE4EC400E699C4 /* AppDelegate.swift in Sources */,
				180B047D28BE514E00E699C4 /* ActionsCollectionViewController.swift in Sources */,
				187B41CA28C3C53200C1B253 /* PostsTableViewController.swift in Sources */,
				180B048528BE60CF00E699C4 /* UsersTableViewController.swift in Sources */,
				180B048228BE595E00E699C4 /* ImageViewController.swift in Sources */,
				187B41CE28C3C62500C1B253 /* Post.swift in Sources */,
				180B049028BE62AF00E699C4 /* UserTableViewCell.swift in Sources */,
				18B0C12628C3CCF2004EB920 /* PostTableViewCell.swift in Sources */,
				18B0C12A28C3DF00004EB920 /* DetailPostViewController.swift in Sources */,
				18B0C11628C3C72E004EB920 /* Album.swift in Sources */,
				180B047F28BE525D00E699C4 /* ActionCollectionViewCell.swift in Sources */,
				1897AAC928C4B1A300BD724B /* CommentTableViewCell.swift in Sources */,
				180B046728BE4EC400E699C4 /* SceneDelegate.swift in Sources */,
				1897AAD128C4B81800BD724B /* AlbumsCollectionViewController.swift in Sources */,
				18B0C11828C3C766004EB920 /* Photo.swift in Sources */,
				180B049328BE6DFE00E699C4 /* Company.swift in Sources */,
				18B0C11428C3C6E6004EB920 /* Comment.swift in Sources */,
				1897AADA28C4C39C00BD724B /* PhotosCollectionViewCell.swift in Sources */,
				18B0C11A28C3C789004EB920 /* Todo.swift in Sources */,
				180B048A28BE621900E699C4 /* Address.swift in Sources */,
				180B048828BE61C000E699C4 /* User.swift in Sources */,
				1897AAD328C4B89600BD724B /* AlbumsCollectionViewCell.swift in Sources */,
				18B0C11E28C3C848004EB920 /* API Constants.swift in Sources */,
				187B41C528C2741100C1B253 /* DetailUserViewController.swift in Sources */,
				1897AAD628C4C2C200BD724B /* PhotosCollectionViewController.swift in Sources */,
				180B048C28BE622000E699C4 /* Geo.swift in Sources */,
			);
			runOnlyForDeploymentPostprocessing = 0;
		};
/* End PBXSourcesBuildPhase section */

/* Begin PBXVariantGroup section */
		180B046A28BE4EC400E699C4 /* Main.storyboard */ = {
			isa = PBXVariantGroup;
			children = (
				180B046B28BE4EC400E699C4 /* Base */,
			);
			name = Main.storyboard;
			sourceTree = "<group>";
		};
		180B046F28BE4EC600E699C4 /* LaunchScreen.storyboard */ = {
			isa = PBXVariantGroup;
			children = (
				180B047028BE4EC600E699C4 /* Base */,
			);
			name = LaunchScreen.storyboard;
			sourceTree = "<group>";
		};
/* End PBXVariantGroup section */

/* Begin XCBuildConfiguration section */
		180B047328BE4EC600E699C4 /* Debug */ = {
			isa = XCBuildConfiguration;
			buildSettings = {
				ALWAYS_SEARCH_USER_PATHS = NO;
				CLANG_ANALYZER_NONNULL = YES;
				CLANG_ANALYZER_NUMBER_OBJECT_CONVERSION = YES_AGGRESSIVE;
				CLANG_CXX_LANGUAGE_STANDARD = "gnu++17";
				CLANG_ENABLE_MODULES = YES;
				CLANG_ENABLE_OBJC_ARC = YES;
				CLANG_ENABLE_OBJC_WEAK = YES;
				CLANG_WARN_BLOCK_CAPTURE_AUTORELEASING = YES;
				CLANG_WARN_BOOL_CONVERSION = YES;
				CLANG_WARN_COMMA = YES;
				CLANG_WARN_CONSTANT_CONVERSION = YES;
				CLANG_WARN_DEPRECATED_OBJC_IMPLEMENTATIONS = YES;
				CLANG_WARN_DIRECT_OBJC_ISA_USAGE = YES_ERROR;
				CLANG_WARN_DOCUMENTATION_COMMENTS = YES;
				CLANG_WARN_EMPTY_BODY = YES;
				CLANG_WARN_ENUM_CONVERSION = YES;
				CLANG_WARN_INFINITE_RECURSION = YES;
				CLANG_WARN_INT_CONVERSION = YES;
				CLANG_WARN_NON_LITERAL_NULL_CONVERSION = YES;
				CLANG_WARN_OBJC_IMPLICIT_RETAIN_SELF = YES;
				CLANG_WARN_OBJC_LITERAL_CONVERSION = YES;
				CLANG_WARN_OBJC_ROOT_CLASS = YES_ERROR;
				CLANG_WARN_QUOTED_INCLUDE_IN_FRAMEWORK_HEADER = YES;
				CLANG_WARN_RANGE_LOOP_ANALYSIS = YES;
				CLANG_WARN_STRICT_PROTOTYPES = YES;
				CLANG_WARN_SUSPICIOUS_MOVE = YES;
				CLANG_WARN_UNGUARDED_AVAILABILITY = YES_AGGRESSIVE;
				CLANG_WARN_UNREACHABLE_CODE = YES;
				CLANG_WARN__DUPLICATE_METHOD_MATCH = YES;
				COPY_PHASE_STRIP = NO;
				DEBUG_INFORMATION_FORMAT = dwarf;
				ENABLE_STRICT_OBJC_MSGSEND = YES;
				ENABLE_TESTABILITY = YES;
				GCC_C_LANGUAGE_STANDARD = gnu11;
				GCC_DYNAMIC_NO_PIC = NO;
				GCC_NO_COMMON_BLOCKS = YES;
				GCC_OPTIMIZATION_LEVEL = 0;
				GCC_PREPROCESSOR_DEFINITIONS = (
					"DEBUG=1",
					"$(inherited)",
				);
				GCC_WARN_64_TO_32_BIT_CONVERSION = YES;
				GCC_WARN_ABOUT_RETURN_TYPE = YES_ERROR;
				GCC_WARN_UNDECLARED_SELECTOR = YES;
				GCC_WARN_UNINITIALIZED_AUTOS = YES_AGGRESSIVE;
				GCC_WARN_UNUSED_FUNCTION = YES;
				GCC_WARN_UNUSED_VARIABLE = YES;
				IPHONEOS_DEPLOYMENT_TARGET = 15.5;
				MTL_ENABLE_DEBUG_INFO = INCLUDE_SOURCE;
				MTL_FAST_MATH = YES;
				ONLY_ACTIVE_ARCH = YES;
				SDKROOT = iphoneos;
				SWIFT_ACTIVE_COMPILATION_CONDITIONS = DEBUG;
				SWIFT_OPTIMIZATION_LEVEL = "-Onone";
			};
			name = Debug;
		};
		180B047428BE4EC600E699C4 /* Release */ = {
			isa = XCBuildConfiguration;
			buildSettings = {
				ALWAYS_SEARCH_USER_PATHS = NO;
				CLANG_ANALYZER_NONNULL = YES;
				CLANG_ANALYZER_NUMBER_OBJECT_CONVERSION = YES_AGGRESSIVE;
				CLANG_CXX_LANGUAGE_STANDARD = "gnu++17";
				CLANG_ENABLE_MODULES = YES;
				CLANG_ENABLE_OBJC_ARC = YES;
				CLANG_ENABLE_OBJC_WEAK = YES;
				CLANG_WARN_BLOCK_CAPTURE_AUTORELEASING = YES;
				CLANG_WARN_BOOL_CONVERSION = YES;
				CLANG_WARN_COMMA = YES;
				CLANG_WARN_CONSTANT_CONVERSION = YES;
				CLANG_WARN_DEPRECATED_OBJC_IMPLEMENTATIONS = YES;
				CLANG_WARN_DIRECT_OBJC_ISA_USAGE = YES_ERROR;
				CLANG_WARN_DOCUMENTATION_COMMENTS = YES;
				CLANG_WARN_EMPTY_BODY = YES;
				CLANG_WARN_ENUM_CONVERSION = YES;
				CLANG_WARN_INFINITE_RECURSION = YES;
				CLANG_WARN_INT_CONVERSION = YES;
				CLANG_WARN_NON_LITERAL_NULL_CONVERSION = YES;
				CLANG_WARN_OBJC_IMPLICIT_RETAIN_SELF = YES;
				CLANG_WARN_OBJC_LITERAL_CONVERSION = YES;
				CLANG_WARN_OBJC_ROOT_CLASS = YES_ERROR;
				CLANG_WARN_QUOTED_INCLUDE_IN_FRAMEWORK_HEADER = YES;
				CLANG_WARN_RANGE_LOOP_ANALYSIS = YES;
				CLANG_WARN_STRICT_PROTOTYPES = YES;
				CLANG_WARN_SUSPICIOUS_MOVE = YES;
				CLANG_WARN_UNGUARDED_AVAILABILITY = YES_AGGRESSIVE;
				CLANG_WARN_UNREACHABLE_CODE = YES;
				CLANG_WARN__DUPLICATE_METHOD_MATCH = YES;
				COPY_PHASE_STRIP = NO;
				DEBUG_INFORMATION_FORMAT = "dwarf-with-dsym";
				ENABLE_NS_ASSERTIONS = NO;
				ENABLE_STRICT_OBJC_MSGSEND = YES;
				GCC_C_LANGUAGE_STANDARD = gnu11;
				GCC_NO_COMMON_BLOCKS = YES;
				GCC_WARN_64_TO_32_BIT_CONVERSION = YES;
				GCC_WARN_ABOUT_RETURN_TYPE = YES_ERROR;
				GCC_WARN_UNDECLARED_SELECTOR = YES;
				GCC_WARN_UNINITIALIZED_AUTOS = YES_AGGRESSIVE;
				GCC_WARN_UNUSED_FUNCTION = YES;
				GCC_WARN_UNUSED_VARIABLE = YES;
				IPHONEOS_DEPLOYMENT_TARGET = 15.5;
				MTL_ENABLE_DEBUG_INFO = NO;
				MTL_FAST_MATH = YES;
				SDKROOT = iphoneos;
				SWIFT_COMPILATION_MODE = wholemodule;
				SWIFT_OPTIMIZATION_LEVEL = "-O";
				VALIDATE_PRODUCT = YES;
			};
			name = Release;
		};
		180B047628BE4EC600E699C4 /* Debug */ = {
			isa = XCBuildConfiguration;
			buildSettings = {
				ASSETCATALOG_COMPILER_APPICON_NAME = AppIcon;
				ASSETCATALOG_COMPILER_GLOBAL_ACCENT_COLOR_NAME = AccentColor;
				CODE_SIGN_STYLE = Automatic;
				CURRENT_PROJECT_VERSION = 1;
				DEVELOPMENT_TEAM = H568TQC48W;
				GENERATE_INFOPLIST_FILE = YES;
				INFOPLIST_FILE = "REST API App/Info.plist";
				INFOPLIST_KEY_UIApplicationSupportsIndirectInputEvents = YES;
				INFOPLIST_KEY_UILaunchStoryboardName = LaunchScreen;
				INFOPLIST_KEY_UIMainStoryboardFile = Main;
				INFOPLIST_KEY_UISupportedInterfaceOrientations_iPad = "UIInterfaceOrientationPortrait UIInterfaceOrientationPortraitUpsideDown UIInterfaceOrientationLandscapeLeft UIInterfaceOrientationLandscapeRight";
				INFOPLIST_KEY_UISupportedInterfaceOrientations_iPhone = "UIInterfaceOrientationPortrait UIInterfaceOrientationLandscapeLeft UIInterfaceOrientationLandscapeRight";
				LD_RUNPATH_SEARCH_PATHS = (
					"$(inherited)",
					"@executable_path/Frameworks",
				);
				MARKETING_VERSION = 1.0;
				PRODUCT_BUNDLE_IDENTIFIER = "KA.REST-API-App";
				PRODUCT_NAME = "$(TARGET_NAME)";
				SWIFT_EMIT_LOC_STRINGS = YES;
				SWIFT_VERSION = 5.0;
				TARGETED_DEVICE_FAMILY = "1,2";
			};
			name = Debug;
		};
		180B047728BE4EC600E699C4 /* Release */ = {
			isa = XCBuildConfiguration;
			buildSettings = {
				ASSETCATALOG_COMPILER_APPICON_NAME = AppIcon;
				ASSETCATALOG_COMPILER_GLOBAL_ACCENT_COLOR_NAME = AccentColor;
				CODE_SIGN_STYLE = Automatic;
				CURRENT_PROJECT_VERSION = 1;
				DEVELOPMENT_TEAM = H568TQC48W;
				GENERATE_INFOPLIST_FILE = YES;
				INFOPLIST_FILE = "REST API App/Info.plist";
				INFOPLIST_KEY_UIApplicationSupportsIndirectInputEvents = YES;
				INFOPLIST_KEY_UILaunchStoryboardName = LaunchScreen;
				INFOPLIST_KEY_UIMainStoryboardFile = Main;
				INFOPLIST_KEY_UISupportedInterfaceOrientations_iPad = "UIInterfaceOrientationPortrait UIInterfaceOrientationPortraitUpsideDown UIInterfaceOrientationLandscapeLeft UIInterfaceOrientationLandscapeRight";
				INFOPLIST_KEY_UISupportedInterfaceOrientations_iPhone = "UIInterfaceOrientationPortrait UIInterfaceOrientationLandscapeLeft UIInterfaceOrientationLandscapeRight";
				LD_RUNPATH_SEARCH_PATHS = (
					"$(inherited)",
					"@executable_path/Frameworks",
				);
				MARKETING_VERSION = 1.0;
				PRODUCT_BUNDLE_IDENTIFIER = "KA.REST-API-App";
				PRODUCT_NAME = "$(TARGET_NAME)";
				SWIFT_EMIT_LOC_STRINGS = YES;
				SWIFT_VERSION = 5.0;
				TARGETED_DEVICE_FAMILY = "1,2";
			};
			name = Release;
		};
/* End XCBuildConfiguration section */

/* Begin XCConfigurationList section */
		180B045C28BE4EC400E699C4 /* Build configuration list for PBXProject "REST API App" */ = {
			isa = XCConfigurationList;
			buildConfigurations = (
				180B047328BE4EC600E699C4 /* Debug */,
				180B047428BE4EC600E699C4 /* Release */,
			);
			defaultConfigurationIsVisible = 0;
			defaultConfigurationName = Release;
		};
		180B047528BE4EC600E699C4 /* Build configuration list for PBXNativeTarget "REST API App" */ = {
			isa = XCConfigurationList;
			buildConfigurations = (
				180B047628BE4EC600E699C4 /* Debug */,
				180B047728BE4EC600E699C4 /* Release */,
			);
			defaultConfigurationIsVisible = 0;
			defaultConfigurationName = Release;
		};
/* End XCConfigurationList section */
	};
	rootObject = 180B045928BE4EC400E699C4 /* Project object */;
}
